
Microsoft Visual Studio Solution File, Format Version 12.00
# Visual Studio Version 17
VisualStudioVersion = 17.3.32825.248
MinimumVisualStudioVersion = 10.0.40219.1
Project("{FAE04EC0-301F-11D3-BF4B-00C04F79EFBC}") = "AbaloneGame", "AbaloneGame.csproj", "{FA30A7D6-2BB4-4F30-9045-EF9F95B8A71B}"
EndProject
Global
	GlobalSection(SolutionConfigurationPlatforms) = preSolution
		Debug|Any CPU = Debug|Any CPU
		Release|Any CPU = Release|Any CPU
	EndGlobalSection
	GlobalSection(ProjectConfigurationPlatforms) = postSolution
		{FA30A7D6-2BB4-4F30-9045-EF9F95B8A71B}.Debug|Any CPU.ActiveCfg = Debug|Any CPU
		{FA30A7D6-2BB4-4F30-9045-EF9F95B8A71B}.Debug|Any CPU.Build.0 = Debug|Any CPU
		{FA30A7D6-2BB4-4F30-9045-EF9F95B8A71B}.Release|Any CPU.ActiveCfg = Release|Any CPU
		{FA30A7D6-2BB4-4F30-9045-EF9F95B8A71B}.Release|Any CPU.Build.0 = Release|Any CPU
	EndGlobalSection
	GlobalSection(SolutionProperties) = preSolution
		HideSolutionNode = FALSE
	EndGlobalSection
	GlobalSection(ExtensibilityGlobals) = postSolution
		SolutionGuid = {B941F432-F5B6-4596-BAA9-D69D64A39978}
	EndGlobalSection
EndGlobal
